{
    "_readme": [
        "This file locks the dependencies of your project to a known state",
        "Read more about it at http://getcomposer.org/doc/01-basic-usage.md#composer-lock-the-lock-file"
    ],
    "hash": "92d2db0e9f21462f9ddd74974efaf0bb",
    "packages": [
        {
            "name": "dibi/dibi",
            "version": "v2.0.3",
            "source": {
                "type": "git",
                "url": "https://github.com/dg/dibi.git",
                "reference": "v2.0.3"
            },
            "dist": {
                "type": "zip",
                "url": "https://api.github.com/repos/dg/dibi/zipball/v2.0.3",
                "reference": "v2.0.3",
                "shasum": ""
            },
            "type": "library",
            "autoload": {
                "classmap": [
                    "dibi/"
                ]
            },
            "notification-url": "https://packagist.org/downloads/",
            "license": [
                "BSD-3",
                "GPLv2",
                "GPLv3"
            ],
            "authors": [
                {
                    "name": "David Grudl",
                    "homepage": "http://davidgrudl.com"
                }
            ],
            "description": "Dibi is Database Abstraction Library for PHP 5.",
            "homepage": "http://dibiphp.com/",
            "keywords": [
                "access",
                "database",
                "dbal",
                "mssql",
                "mysql",
                "odbc",
                "oracle",
                "pdo",
                "postgresql",
                "sqlite"
            ],
            "time": "2013-04-03 12:40:16"
        },
        {
            "name": "kdyby/curl",
            "version": "dev-master",
            "source": {
                "type": "git",
                "url": "https://github.com/Kdyby/Curl.git",
                "reference": "59ad40ee509c42b9996dda105e9facf3b5167a37"
            },
            "dist": {
                "type": "zip",
                "url": "https://api.github.com/repos/Kdyby/Curl/zipball/59ad40ee509c42b9996dda105e9facf3b5167a37",
                "reference": "59ad40ee509c42b9996dda105e9facf3b5167a37",
                "shasum": ""
            },
            "require": {
                "ext-curl": "*",
                "nette/nette": "@dev"
            },
            "require-dev": {
                "nette/tester": "@dev"
            },
            "type": "library",
            "autoload": {
                "psr-0": {
                    "Kdyby\\Curl": "src/"
                },
                "classmap": [
                    "src/Kdyby/Curl/exceptions.php"
                ]
            },
            "notification-url": "http://packagist.org/downloads/",
            "license": [
                "BSD-3-Clause",
                "GPL-2.0",
                "GPL-3.0"
            ],
            "authors": [
                {
                    "name": "Filip Procházka",
                    "homepage": "http://filip-prochazka.com"
                }
            ],
            "description": "Curl wrapper for Nette Framework",
            "homepage": "http://kdyby.org",
            "keywords": [
                "curl",
                "http",
                "nette"
            ],
            "time": "2013-05-26 17:54:42"
        },
        {
            "name": "nette/nette",
            "version": "v2.0.10",
            "source": {
                "type": "git",
                "url": "https://github.com/nette/nette.git",
                "reference": "v2.0.10"
            },
            "dist": {
                "type": "zip",
                "url": "https://api.github.com/repos/nette/nette/zipball/v2.0.10",
                "reference": "v2.0.10",
                "shasum": ""
            },
            "require": {
                "ext-iconv": "*",
                "ext-tokenizer": "*",
                "php": ">=5.3.0"
            },
            "require-dev": {
                "nette/tester": "@dev"
            },
            "suggest": {
                "ext-fileinfo": "*",
                "ext-gd": "*",
                "ext-mbstring": "*",
                "ext-memcache": "*",
                "ext-pdo": "*"
            },
            "type": "library",
            "extra": {
                "branch-alias": {
                    "dev-master": "2.1-dev"
                }
            },
            "autoload": {
                "files": [
                    "Nette/loader.php"
                ]
            },
            "notification-url": "http://packagist.org/downloads/",
            "license": [
                "BSD-3-Clause",
                "GPL-2.0",
                "GPL-3.0"
            ],
            "authors": [
                {
                    "name": "David Grudl",
                    "homepage": "http://davidgrudl.com"
                },
                {
                    "name": "Nette Community",
                    "homepage": "http://nette.org/contributors"
                }
            ],
            "description": "Nette Framework - innovative framework for fast and easy development of secured web applications in PHP. Write less, have cleaner code and your work will bring you joy.",
            "homepage": "http://nette.org",
            "keywords": [
                "Forms",
                "database",
                "dbal",
                "debugging",
                "framework",
                "images",
                "latte",
                "mailing",
                "micro",
                "mvc",
                "neon",
                "templating"
            ],
            "time": "2013-03-08 15:44:35"
        },
        {
            "name": "nextras/forms",
            "version": "dev-master",
            "source": {
                "type": "git",
                "url": "https://github.com/nextras/forms.git",
                "reference": "1acbac741b0c46851fa83daa49cabb5fa64b6f0d"
            },
            "dist": {
                "type": "zip",
                "url": "https://api.github.com/repos/nextras/forms/zipball/1acbac741b0c46851fa83daa49cabb5fa64b6f0d",
                "reference": "1acbac741b0c46851fa83daa49cabb5fa64b6f0d",
                "shasum": ""
            },
            "require": {
                "nette/nette": ">=2.0.0",
                "php": ">=5.3.0"
            },
            "type": "library",
            "autoload": {
                "psr-0": {
                    "Nextras\\Forms": ""
                }
            },
            "notification-url": "http://packagist.org/downloads/",
            "license": [
                "BSD-3-Clause",
                "GPL-2.0",
                "GPL-3.0"
            ],
            "authors": [
                {
                    "name": "David Grudl",
                    "homepage": "http://davidgrudl.com"
                },
                {
                    "name": "Nextras Community",
                    "homepage": "https://github.com/nextras/forms/graphs/contributors"
                }
            ],
            "description": "Extra form components for Nette Framework.",
            "keywords": [
                "form",
                "nette"
            ],
            "time": "2013-04-09 14:26:20"
        },
        {
            "name": "o5/grido",
            "version": "dev-master",
            "source": {
                "type": "git",
                "url": "https://github.com/o5/grido.git",
                "reference": "b1fce16911787797c75c634439a991e108f8260f"
            },
            "dist": {
                "type": "zip",
                "url": "https://api.github.com/repos/o5/grido/zipball/b1fce16911787797c75c634439a991e108f8260f",
                "reference": "b1fce16911787797c75c634439a991e108f8260f",
                "shasum": ""
            },
            "require": {
                "nette/nette": "2.0.*",
                "php": ">=5.3.1"
            },
            "type": "library",
            "autoload": {
                "psr-0": {
                    "Grido": ""
                }
            },
            "notification-url": "http://packagist.org/downloads/",
            "license": [
                "BSD-3",
                "GPL-2.0",
                "GPL-3.0"
            ],
            "authors": [
                {
                    "name": "Petr Bugyík",
                    "homepage": "http://petr.bugyik.cz/",
                    "role": "Developer"
                }
            ],
            "description": "Grido - DataGrid for Nette Framework",
            "homepage": "http://o5.github.io/grido-sandbox/",
            "keywords": [
                "datagrid",
                "datalist",
                "grid",
                "list",
                "nette",
                "table",
                "tablegrid"
            ],
            "time": "2013-06-08 19:36:23"
        },
        {
            "name": "schmutzka/gettexttranslator",
            "version": "2.0.2",
            "source": {
                "type": "git",
                "url": "https://github.com/Schmutzka/GettextTranslator.git",
                "reference": "2.0.2"
            },
            "dist": {
                "type": "zip",
                "url": "https://api.github.com/repos/Schmutzka/GettextTranslator/zipball/2.0.2",
                "reference": "2.0.2",
                "shasum": ""
            },
            "require": {
                "nette/nette": ">=2.0.0",
                "php": ">=5.3.0"
            },
            "type": "library",
            "autoload": {
                "classmap": [
                    "GettextTranslator/"
                ]
            },
            "notification-url": "http://packagist.org/downloads/",
            "authors": [
                {
                    "name": "Patrik Votoček",
                    "email": "patrik@votocek.cz",
                    "homepage": "http://patrik.votocek.cz",
                    "role": "Developer"
                },
                {
                    "name": "Tomáš Votruba",
                    "homepage": "http://www.schmutzka.eu"
                }
            ],
            "description": "Translator for Nette (PHP framework).",
            "homepage": "http://addons.nette.org/en/gettext-translator",
            "keywords": [
                "gettext",
                "nette",
                "translator"
            ],
            "time": "2013-04-03 00:58:45"
        }
    ],
    "packages-dev": [
        {
            "name": "nette/tester",
            "version": "dev-master",
            "source": {
                "type": "git",
                "url": "https://github.com/nette/tester.git",
                "reference": "7ff0af99a7bf7b7fb4577d2094ecc3b87e286ba3"
            },
            "dist": {
                "type": "zip",
                "url": "https://api.github.com/repos/nette/tester/zipball/7ff0af99a7bf7b7fb4577d2094ecc3b87e286ba3",
                "reference": "7ff0af99a7bf7b7fb4577d2094ecc3b87e286ba3",
                "shasum": ""
            },
            "require": {
                "php": ">=5.3.0"
            },
            "bin": [
                "Tester/tester"
            ],
            "type": "library",
            "autoload": {
                "classmap": [
                    "Tester/"
                ]
            },
            "notification-url": "http://packagist.org/downloads/",
            "license": [
                "BSD-3-Clause",
                "GPL-2.0",
                "GPL-3.0"
            ],
            "authors": [
                {
                    "name": "David Grudl",
                    "homepage": "http://davidgrudl.com"
                },
                {
                    "name": "Nette Community",
                    "homepage": "http://nette.org/contributors"
                }
            ],
            "description": "An easy-to-use PHP Unit Testing framework.",
            "homepage": "http://nette.org",
            "keywords": [
                "nette",
                "testing",
                "unit"
            ],
            "time": "2013-06-14 00:03:49"
        }
    ],
    "aliases": [

    ],
    "minimum-stability": "stable",
    "stability-flags": {
        "nextras/forms": 20,
        "o5/grido": 20,
        "kdyby/curl": 20,
        "nette/tester": 20
    },
    "platform": {
        "php": ">= 5.3.0"
    },
    "platform-dev": [

    ]
}
