{
    "_readme": [
        "This file locks the dependencies of your project to a known state",
        "Read more about it at http://getcomposer.org/doc/01-basic-usage.md#composer-lock-the-lock-file"
    ],
    "hash": "59d2565cece124bc2050df6f00d1cf03",
    "packages": [
        {
            "name": "dibi/dibi",
            "version": "dev-master",
            "source": {
                "type": "git",
                "url": "https://github.com/dg/dibi.git",
                "reference": "e87c112d713c370a16347b18c7fd46d005a295ff"
            },
            "dist": {
                "type": "zip",
                "url": "https://api.github.com/repos/dg/dibi/zipball/e87c112d713c370a16347b18c7fd46d005a295ff",
                "reference": "e87c112d713c370a16347b18c7fd46d005a295ff",
                "shasum": ""
            },
            "require-dev": {
                "nette/tester": "@dev"
            },
            "type": "library",
            "autoload": {
                "classmap": [
                    "dibi/"
                ]
            },
            "notification-url": "https://packagist.org/downloads/",
            "license": [
                "BSD-3",
                "GPLv2",
                "GPLv3"
            ],
            "authors": [
                {
                    "name": "David Grudl",
                    "homepage": "http://davidgrudl.com"
                }
            ],
            "description": "Dibi is Database Abstraction Library for PHP 5.",
            "homepage": "http://dibiphp.com/",
            "keywords": [
                "access",
                "database",
                "dbal",
                "mssql",
                "mysql",
                "odbc",
                "oracle",
                "pdo",
                "postgresql",
                "sqlite"
            ],
            "time": "2013-07-13 18:23:13"
        },
        {
            "name": "egersdorfer/crontab",
            "version": "dev-develop",
            "source": {
                "type": "git",
                "url": "https://github.com/codeChap/Crontab.git",
                "reference": "7b985443dd63f7ee4b8229c3c562c4a057461212"
            },
            "dist": {
                "type": "zip",
                "url": "https://api.github.com/repos/codeChap/Crontab/zipball/7b985443dd63f7ee4b8229c3c562c4a057461212",
                "reference": "7b985443dd63f7ee4b8229c3c562c4a057461212",
                "shasum": ""
            },
            "require": {
                "php": ">=5.3.0"
            },
            "type": "library",
            "autoload": {
                "psr-0": {
                    "Crontab": "src/"
                }
            },
            "notification-url": "https://packagist.org/downloads/",
            "license": [
                "MIT"
            ],
            "authors": [
                {
                    "name": "Derrick Egersdorfer",
                    "email": "derrick@egersdorfer.co.za",
                    "role": "Developer"
                }
            ],
            "description": "PHP Cronjob manager",
            "homepage": "https://github.com/codeChap/crontab",
            "keywords": [
                "cron",
                "cronjob",
                "crontab"
            ],
            "time": "2013-05-19 08:13:43"
        },
        {
            "name": "kdyby/curl",
            "version": "dev-master",
            "source": {
                "type": "git",
                "url": "https://github.com/Kdyby/Curl.git",
                "reference": "f6fbe6d306d8cfbf3649756930e7162bf462354e"
            },
            "dist": {
                "type": "zip",
                "url": "https://api.github.com/repos/Kdyby/Curl/zipball/f6fbe6d306d8cfbf3649756930e7162bf462354e",
                "reference": "f6fbe6d306d8cfbf3649756930e7162bf462354e",
                "shasum": ""
            },
            "require": {
                "ext-curl": "*",
                "nette/nette": "@dev"
            },
            "require-dev": {
                "nette/tester": "@dev"
            },
            "type": "library",
            "autoload": {
                "psr-0": {
                    "Kdyby\\Curl": "src/"
                },
                "classmap": [
                    "src/Kdyby/Curl/exceptions.php"
                ]
            },
            "notification-url": "https://packagist.org/downloads/",
            "license": [
                "BSD-3-Clause",
                "GPL-2.0",
                "GPL-3.0"
            ],
            "authors": [
                {
                    "name": "Filip Procházka",
                    "homepage": "http://filip-prochazka.com"
                }
            ],
            "description": "Curl wrapper for Nette Framework",
            "homepage": "http://kdyby.org",
            "keywords": [
                "curl",
                "http",
                "nette"
            ],
            "time": "2013-07-09 01:59:56"
        },
        {
            "name": "nette/nette",
            "version": "v2.0.11",
            "source": {
                "type": "git",
                "url": "https://github.com/nette/nette.git",
                "reference": "v2.0.11"
            },
            "dist": {
                "type": "zip",
                "url": "https://api.github.com/repos/nette/nette/zipball/v2.0.11",
                "reference": "v2.0.11",
                "shasum": ""
            },
            "require": {
                "ext-iconv": "*",
                "ext-tokenizer": "*",
                "php": ">=5.3.0"
            },
            "require-dev": {
                "nette/tester": "0.9.*"
            },
            "suggest": {
                "ext-fileinfo": "*",
                "ext-gd": "*",
                "ext-mbstring": "*",
                "ext-memcache": "*",
                "ext-pdo": "*"
            },
            "type": "library",
            "extra": {
                "branch-alias": {
                    "dev-master": "2.1-dev"
                }
            },
            "autoload": {
                "files": [
                    "Nette/loader.php"
                ]
            },
            "notification-url": "https://packagist.org/downloads/",
            "license": [
                "BSD-3-Clause",
                "GPL-2.0",
                "GPL-3.0"
            ],
            "authors": [
                {
                    "name": "David Grudl",
                    "homepage": "http://davidgrudl.com"
                },
                {
                    "name": "Nette Community",
                    "homepage": "http://nette.org/contributors"
                }
            ],
            "description": "Nette Framework - innovative framework for fast and easy development of secured web applications in PHP. Write less, have cleaner code and your work will bring you joy.",
            "homepage": "http://nette.org",
            "keywords": [
                "Forms",
                "database",
                "dbal",
                "debugging",
                "framework",
                "images",
                "latte",
                "mailing",
                "micro",
                "mvc",
                "neon",
                "templating"
            ],
            "time": "2013-07-11 20:39:27"
        },
        {
            "name": "nextras/forms",
            "version": "dev-master",
            "source": {
                "type": "git",
                "url": "https://github.com/nextras/forms.git",
                "reference": "1acbac741b0c46851fa83daa49cabb5fa64b6f0d"
            },
            "dist": {
                "type": "zip",
                "url": "https://api.github.com/repos/nextras/forms/zipball/1acbac741b0c46851fa83daa49cabb5fa64b6f0d",
                "reference": "1acbac741b0c46851fa83daa49cabb5fa64b6f0d",
                "shasum": ""
            },
            "require": {
                "nette/nette": ">=2.0.0",
                "php": ">=5.3.0"
            },
            "type": "library",
            "autoload": {
                "psr-0": {
                    "Nextras\\Forms": ""
                }
            },
            "notification-url": "http://packagist.org/downloads/",
            "license": [
                "BSD-3-Clause",
                "GPL-2.0",
                "GPL-3.0"
            ],
            "authors": [
                {
                    "name": "David Grudl",
                    "homepage": "http://davidgrudl.com"
                },
                {
                    "name": "Nextras Community",
                    "homepage": "https://github.com/nextras/forms/graphs/contributors"
                }
            ],
            "description": "Extra form components for Nette Framework.",
            "keywords": [
                "form",
                "nette"
            ],
            "time": "2013-04-09 14:26:20"
        },
        {
            "name": "o5/grido",
            "version": "dev-master",
            "source": {
                "type": "git",
                "url": "https://github.com/o5/grido.git",
                "reference": "aa54769d527968723f228fcf84e14a9646f0f1b4"
            },
            "dist": {
                "type": "zip",
                "url": "https://api.github.com/repos/o5/grido/zipball/aa54769d527968723f228fcf84e14a9646f0f1b4",
                "reference": "aa54769d527968723f228fcf84e14a9646f0f1b4",
                "shasum": ""
            },
            "require": {
                "nette/nette": "2.0.*",
                "php": ">=5.3.1"
            },
            "type": "library",
            "autoload": {
                "psr-0": {
                    "Grido": ""
                }
            },
            "notification-url": "https://packagist.org/downloads/",
            "license": [
                "BSD-3",
                "GPL-2.0",
                "GPL-3.0"
            ],
            "authors": [
                {
                    "name": "Petr Bugyík",
                    "homepage": "http://petr.bugyik.cz/",
                    "role": "Developer"
                }
            ],
            "description": "Grido - DataGrid for Nette Framework",
            "homepage": "http://o5.github.io/grido-sandbox/",
            "keywords": [
                "datagrid",
                "datalist",
                "grid",
                "list",
                "nette",
                "table",
                "tablegrid"
            ],
            "time": "2013-07-03 17:44:47"
        },
        {
            "name": "phpseclib/phpseclib",
            "version": "dev-master",
            "source": {
                "type": "git",
                "url": "https://github.com/phpseclib/phpseclib.git",
                "reference": "ae2a0886a5332e18d0449bfa95c606f723f18681"
            },
            "dist": {
                "type": "zip",
                "url": "https://api.github.com/repos/phpseclib/phpseclib/zipball/ae2a0886a5332e18d0449bfa95c606f723f18681",
                "reference": "ae2a0886a5332e18d0449bfa95c606f723f18681",
                "shasum": ""
            },
            "require": {
                "php": ">=5.0.0"
            },
            "suggest": {
                "ext-gmp": "Install the GMP (GNU Multiple Precision) extension in order to speed up arbitrary precision integer arithmetic operations.",
                "ext-mcrypt": "Install the Mcrypt extension in order to speed up a wide variety of cryptographic operations.",
                "pear-pear/PHP_Compat": "Install PHP_Compat to get phpseclib working on PHP >= 4.3.3."
            },
            "type": "library",
            "extra": {
                "branch-alias": {
                    "dev-master": "0.3-dev"
                }
            },
            "autoload": {
                "psr-0": {
                    "Crypt": "phpseclib/",
                    "File": "phpseclib/",
                    "Math": "phpseclib/",
                    "Net": "phpseclib/"
                },
                "files": [
                    "phpseclib/Crypt/Random.php"
                ]
            },
            "notification-url": "https://packagist.org/downloads/",
            "include-path": [
                "phpseclib/"
            ],
            "license": [
                "MIT"
            ],
            "authors": [
                {
                    "name": "Jim Wigginton",
                    "email": "terrafrost@php.net",
                    "role": "Developer"
                }
            ],
            "description": "PHP Secure Communications Library - Pure-PHP implementations of RSA, AES, SSH2, SFTP, X.509 etc.",
            "homepage": "http://phpseclib.sourceforge.net",
            "keywords": [
                "BigInteger",
                "aes",
                "asn.1",
                "asn1",
                "crypto",
                "cryptography",
                "encryption",
                "rsa",
                "security",
                "sftp",
                "signature",
                "signing",
                "ssh",
                "x.509",
                "x509"
            ],
            "time": "2013-07-16 16:21:46"
        },
        {
            "name": "schmutzka/gettexttranslator",
            "version": "2.0.2",
            "source": {
                "type": "git",
                "url": "https://github.com/Schmutzka/GettextTranslator.git",
                "reference": "2.0.2"
            },
            "dist": {
                "type": "zip",
                "url": "https://api.github.com/repos/Schmutzka/GettextTranslator/zipball/2.0.2",
                "reference": "2.0.2",
                "shasum": ""
            },
            "require": {
                "nette/nette": ">=2.0.0",
                "php": ">=5.3.0"
            },
            "type": "library",
            "autoload": {
                "classmap": [
                    "GettextTranslator/"
                ]
            },
            "notification-url": "http://packagist.org/downloads/",
            "authors": [
                {
                    "name": "Patrik Votoček",
                    "email": "patrik@votocek.cz",
                    "homepage": "http://patrik.votocek.cz",
                    "role": "Developer"
                },
                {
                    "name": "Tomáš Votruba",
                    "homepage": "http://www.schmutzka.eu"
                }
            ],
            "description": "Translator for Nette (PHP framework).",
            "homepage": "http://addons.nette.org/en/gettext-translator",
            "keywords": [
                "gettext",
                "nette",
                "translator"
            ],
            "time": "2013-04-03 00:58:45"
        }
    ],
    "packages-dev": [
        {
            "name": "nette/tester",
            "version": "dev-master",
            "source": {
                "type": "git",
                "url": "https://github.com/nette/tester.git",
                "reference": "40e88794885dda194160d874692c4d5a036d4348"
            },
            "dist": {
                "type": "zip",
                "url": "https://api.github.com/repos/nette/tester/zipball/40e88794885dda194160d874692c4d5a036d4348",
                "reference": "40e88794885dda194160d874692c4d5a036d4348",
                "shasum": ""
            },
            "require": {
                "php": ">=5.3.0"
            },
            "bin": [
                "Tester/tester"
            ],
            "type": "library",
            "autoload": {
                "classmap": [
                    "Tester/"
                ]
            },
            "notification-url": "https://packagist.org/downloads/",
            "license": [
                "BSD-3-Clause",
                "GPL-2.0",
                "GPL-3.0"
            ],
            "authors": [
                {
                    "name": "David Grudl",
                    "homepage": "http://davidgrudl.com"
                },
                {
                    "name": "Nette Community",
                    "homepage": "http://nette.org/contributors"
                }
            ],
            "description": "An easy-to-use PHP Unit Testing framework.",
            "homepage": "http://nette.org",
            "keywords": [
                "nette",
                "testing",
                "unit"
            ],
            "time": "2013-07-17 11:19:40"
        }
    ],
    "aliases": [

    ],
    "minimum-stability": "stable",
    "stability-flags": {
        "dibi/dibi": 20,
        "nextras/forms": 20,
        "o5/grido": 20,
        "kdyby/curl": 20,
        "egersdorfer/crontab": 20,
        "phpseclib/phpseclib": 20,
        "nette/tester": 20
    },
    "platform": {
        "php": ">= 5.3.0"
    },
    "platform-dev": [

    ]
}
