{
    "_readme": [
        "This file locks the dependencies of your project to a known state",
        "Read more about it at http://getcomposer.org/doc/01-basic-usage.md#composer-lock-the-lock-file"
    ],
    "hash": "8a5d23f32dd6e13b1b782857e889e648",
    "packages": [
        {
            "name": "dibi/dibi",
            "version": "v2.0.3",
            "source": {
                "type": "git",
                "url": "https://github.com/dg/dibi.git",
                "reference": "v2.0.3"
            },
            "dist": {
                "type": "zip",
                "url": "https://api.github.com/repos/dg/dibi/zipball/v2.0.3",
                "reference": "v2.0.3",
                "shasum": ""
            },
            "type": "library",
            "autoload": {
                "classmap": [
                    "dibi/"
                ]
            },
            "notification-url": "https://packagist.org/downloads/",
            "license": [
                "BSD-3",
                "GPLv2",
                "GPLv3"
            ],
            "authors": [
                {
                    "name": "David Grudl",
                    "homepage": "http://davidgrudl.com"
                }
            ],
            "description": "Dibi is Database Abstraction Library for PHP 5.",
            "homepage": "http://dibiphp.com/",
            "keywords": [
                "access",
                "database",
                "dbal",
                "mssql",
                "mysql",
                "odbc",
                "oracle",
                "pdo",
                "postgresql",
                "sqlite"
            ],
            "time": "2013-04-03 12:40:16"
        },
        {
            "name": "nette/nette",
            "version": "v2.0.10",
            "source": {
                "type": "git",
                "url": "https://github.com/nette/nette.git",
                "reference": "v2.0.10"
            },
            "dist": {
                "type": "zip",
                "url": "https://api.github.com/repos/nette/nette/zipball/v2.0.10",
                "reference": "v2.0.10",
                "shasum": ""
            },
            "require": {
                "ext-iconv": "*",
                "ext-tokenizer": "*",
                "php": ">=5.3.0"
            },
            "require-dev": {
                "nette/tester": "@dev"
            },
            "suggest": {
                "ext-fileinfo": "*",
                "ext-gd": "*",
                "ext-mbstring": "*",
                "ext-memcache": "*",
                "ext-pdo": "*"
            },
            "type": "library",
            "extra": {
                "branch-alias": {
                    "dev-master": "2.1-dev"
                }
            },
            "autoload": {
                "files": [
                    "Nette/loader.php"
                ]
            },
            "notification-url": "http://packagist.org/downloads/",
            "license": [
                "BSD-3-Clause",
                "GPL-2.0",
                "GPL-3.0"
            ],
            "authors": [
                {
                    "name": "David Grudl",
                    "homepage": "http://davidgrudl.com"
                },
                {
                    "name": "Nette Community",
                    "homepage": "http://nette.org/contributors"
                }
            ],
            "description": "Nette Framework - innovative framework for fast and easy development of secured web applications in PHP. Write less, have cleaner code and your work will bring you joy.",
            "homepage": "http://nette.org",
            "keywords": [
                "Forms",
                "database",
                "dbal",
                "debugging",
                "framework",
                "images",
                "latte",
                "mailing",
                "micro",
                "mvc",
                "neon",
                "templating"
            ],
            "time": "2013-03-08 15:44:35"
        },
        {
            "name": "nextras/datagrid",
            "version": "dev-master",
            "source": {
                "type": "git",
                "url": "https://github.com/nextras/datagrid.git",
                "reference": "4d2856b8466a44cbde63d7d8e491ce2fb1b436b1"
            },
            "dist": {
                "type": "zip",
                "url": "https://api.github.com/repos/nextras/datagrid/zipball/4d2856b8466a44cbde63d7d8e491ce2fb1b436b1",
                "reference": "4d2856b8466a44cbde63d7d8e491ce2fb1b436b1",
                "shasum": ""
            },
            "require": {
                "nette/nette": ">=2.0.0",
                "php": ">=5.3.0"
            },
            "type": "library",
            "autoload": {
                "psr-0": {
                    "Nextras\\Datagrid": ""
                }
            },
            "notification-url": "http://packagist.org/downloads/",
            "license": [
                "MIT"
            ],
            "authors": [
                {
                    "name": "Jan Skrasek",
                    "email": "jan@skrasek.com",
                    "homepage": "http://jan.skrasek.com"
                }
            ],
            "description": "Datagrid component for Nette Framework.",
            "keywords": [
                "datagrid",
                "nette",
                "nextras"
            ],
            "time": "2013-04-25 15:01:58"
        },
        {
            "name": "nextras/forms",
            "version": "dev-master",
            "source": {
                "type": "git",
                "url": "https://github.com/nextras/forms.git",
                "reference": "1acbac741b0c46851fa83daa49cabb5fa64b6f0d"
            },
            "dist": {
                "type": "zip",
                "url": "https://api.github.com/repos/nextras/forms/zipball/1acbac741b0c46851fa83daa49cabb5fa64b6f0d",
                "reference": "1acbac741b0c46851fa83daa49cabb5fa64b6f0d",
                "shasum": ""
            },
            "require": {
                "nette/nette": ">=2.0.0",
                "php": ">=5.3.0"
            },
            "type": "library",
            "autoload": {
                "psr-0": {
                    "Nextras\\Forms": ""
                }
            },
            "notification-url": "http://packagist.org/downloads/",
            "license": [
                "BSD-3-Clause",
                "GPL-2.0",
                "GPL-3.0"
            ],
            "authors": [
                {
                    "name": "David Grudl",
                    "homepage": "http://davidgrudl.com"
                },
                {
                    "name": "Nextras Community",
                    "homepage": "https://github.com/nextras/forms/graphs/contributors"
                }
            ],
            "description": "Extra form components for Nette Framework.",
            "keywords": [
                "form",
                "nette"
            ],
            "time": "2013-04-09 14:26:20"
        },
        {
            "name": "schmutzka/gettexttranslator",
            "version": "2.0.2",
            "source": {
                "type": "git",
                "url": "https://github.com/Schmutzka/GettextTranslator.git",
                "reference": "2.0.2"
            },
            "dist": {
                "type": "zip",
                "url": "https://api.github.com/repos/Schmutzka/GettextTranslator/zipball/2.0.2",
                "reference": "2.0.2",
                "shasum": ""
            },
            "require": {
                "nette/nette": ">=2.0.0",
                "php": ">=5.3.0"
            },
            "type": "library",
            "autoload": {
                "classmap": [
                    "GettextTranslator/"
                ]
            },
            "notification-url": "http://packagist.org/downloads/",
            "authors": [
                {
                    "name": "Patrik Votoček",
                    "email": "patrik@votocek.cz",
                    "homepage": "http://patrik.votocek.cz",
                    "role": "Developer"
                },
                {
                    "name": "Tomáš Votruba",
                    "homepage": "http://www.schmutzka.eu"
                }
            ],
            "description": "Translator for Nette (PHP framework).",
            "homepage": "http://addons.nette.org/en/gettext-translator",
            "keywords": [
                "gettext",
                "nette",
                "translator"
            ],
            "time": "2013-04-03 00:58:45"
        }
    ],
    "packages-dev": [
        {
            "name": "nette/tester",
            "version": "dev-master",
            "source": {
                "type": "git",
                "url": "https://github.com/nette/tester.git",
                "reference": "b7680a1ab6ee5e7eca44097340f7058fe0bf07de"
            },
            "dist": {
                "type": "zip",
                "url": "https://api.github.com/repos/nette/tester/zipball/b7680a1ab6ee5e7eca44097340f7058fe0bf07de",
                "reference": "b7680a1ab6ee5e7eca44097340f7058fe0bf07de",
                "shasum": ""
            },
            "require": {
                "php": ">=5.3.0"
            },
            "bin": [
                "Tester/tester"
            ],
            "type": "library",
            "autoload": {
                "classmap": [
                    "Tester/"
                ]
            },
            "notification-url": "http://packagist.org/downloads/",
            "license": [
                "BSD-3-Clause",
                "GPL-2.0",
                "GPL-3.0"
            ],
            "authors": [
                {
                    "name": "David Grudl",
                    "homepage": "http://davidgrudl.com"
                },
                {
                    "name": "Nette Community",
                    "homepage": "http://nette.org/contributors"
                }
            ],
            "description": "An easy-to-use PHP Unit Testing framework.",
            "homepage": "http://nette.org",
            "keywords": [
                "nette",
                "testing",
                "unit"
            ],
            "time": "2013-05-17 12:49:59"
        }
    ],
    "aliases": [

    ],
    "minimum-stability": "stable",
    "stability-flags": {
        "nextras/forms": 20,
        "nextras/datagrid": 20,
        "nette/tester": 20
    },
    "platform": {
        "php": ">= 5.3.0"
    },
    "platform-dev": [

    ]
}
